# This file is autogenerated, do not edit; changes may be undone by the next 'dep ensure'.


[[projects]]
  branch = "master"
  name = "github.com/4ydx/gltext"
  packages = [
    ".",
    "v4.1"
  ]
  revision = "84bc6aa204bffadd70a6fa2f0f267e6c4d82835e"

[[projects]]
  branch = "master"
  name = "github.com/go-gl/gl"
  packages = ["v4.1-core/gl"]
  revision = "68e2537930806bfcee1b92a0e14b4e9b8bb3a3e3"

[[projects]]
  branch = "master"
  name = "github.com/go-gl/glfw"
  packages = ["v3.2/glfw"]
  revision = "691ee1b84c51ae625ed1aafebc915d3db3d63d66"

[[projects]]
  branch = "master"
  name = "github.com/go-gl/mathgl"
  packages = ["mgl32"]
  revision = "cdf14b6b8f8a4a1bfb003dd5119205c5f711d85a"

[[projects]]
  branch = "master"
  name = "github.com/golang/freetype"
  packages = [
    ".",
    "raster",
    "truetype"
  ]
  revision = "e2365dfdc4a05e4b8299a783240d4a7d5a65d4e4"

[[projects]]
  name = "github.com/konsorten/go-windows-terminal-sequences"
  packages = ["."]
  revision = "5c8c8bd35d3832f5d134ae1e1e375b69a4d25242"
  version = "v1.0.1"

[[projects]]
  name = "github.com/ojrac/opensimplex-go"
  packages = ["."]
  revision = "7bffa9e65fbe3215abbe7c2215b7eff0f56b8a3f"
  version = "v1.0.1"

[[projects]]
  name = "github.com/pkg/profile"
  packages = ["."]
  revision = "5b67d428864e92711fcbd2f8629456121a56d91f"
  version = "v1.2.1"

[[projects]]
  name = "github.com/sirupsen/logrus"
  packages = ["."]
  revision = "ad15b42461921f1fb3529b058c6786c6a45d5162"
  version = "v1.1.1"

[[projects]]
  branch = "master"
  name = "golang.org/x/crypto"
  packages = ["ssh/terminal"]
  revision = "0c41d7ab0a0ee717d4590a44bcb987dfd9e183eb"

[[projects]]
  branch = "master"
  name = "golang.org/x/image"
  packages = [
    "font",
    "math/f32",
    "math/fixed"
  ]
  revision = "991ec62608f3c0da01d400756917825d1e2fd528"

[[projects]]
  branch = "master"
  name = "golang.org/x/sys"
  packages = [
    "unix",
    "windows"
  ]
  revision = "8e24a49d80f82323e1c4db1b5da3e0f31171a151"

[solve-meta]
  analyzer-name = "dep"
  analyzer-version = 1
  inputs-digest = "6781011a3b5b3874f2ed3412a1631f7168bb2a5c45dcd44c616c2608ed022480"
  solver-name = "gps-cdcl"
  solver-version = 1
